# THIS IS AN AUTOGENERATED FILE. DO NOT EDIT THIS FILE DIRECTLY.
# yarn lockfile v1


global.css@^1.1.0:
  version "1.1.0"
  resolved "https://registry.npm.taobao.org/global.css/download/global.css-1.1.0.tgz#7529933809f854e8b2c79716ce0dcab04c423287"
  integrity sha1-dSmTOAn4VOiyx5cWzg3KsExCMoc=

jquery@^3.5.1:
  version "3.5.1"
  resolved "https://registry.npm.taobao.org/jquery/download/jquery-3.5.1.tgz?cache=0&other_urls=https%3A%2F%2Fregistry.npm.taobao.org%2Fjquery%2Fdownload%2Fjquery-3.5.1.tgz#d7b4d08e1bfdb86ad2f1a3d039ea17304717abb5"
  integrity sha1-17TQjhv9uGrS8aPQOeoXMEcXq7U=
